
Microsoft Visual Studio Solution File, Format Version 12.00
# Visual Studio Version 16
VisualStudioVersion = 16.0.810.21
MinimumVisualStudioVersion = 10.0.40219.1
Project("{FAE04EC0-301F-11D3-BF4B-00C04F79EFBC}") = "BrailleSymbols.Data", "BrailleSymbols.Data\BrailleSymbols.Data.csproj", "{F32810F0-EE8F-476A-B45C-E9CD8F80968E}"
EndProject
Project("{FAE04EC0-301F-11D3-BF4B-00C04F79EFBC}") = "BrailleSymbolsAPI", "BrailleSymbolsAPI\BrailleSymbolsAPI.csproj", "{C1C1654B-794A-4600-A704-CDE08EFDB7D8}"
EndProject
Global
	GlobalSection(SolutionConfigurationPlatforms) = preSolution
		Debug|Any CPU = Debug|Any CPU
		Release|Any CPU = Release|Any CPU
	EndGlobalSection
	GlobalSection(ProjectConfigurationPlatforms) = postSolution
		{F32810F0-EE8F-476A-B45C-E9CD8F80968E}.Debug|Any CPU.ActiveCfg = Debug|Any CPU
		{F32810F0-EE8F-476A-B45C-E9CD8F80968E}.Debug|Any CPU.Build.0 = Debug|Any CPU
		{F32810F0-EE8F-476A-B45C-E9CD8F80968E}.Release|Any CPU.ActiveCfg = Release|Any CPU
		{F32810F0-EE8F-476A-B45C-E9CD8F80968E}.Release|Any CPU.Build.0 = Release|Any CPU
		{C1C1654B-794A-4600-A704-CDE08EFDB7D8}.Debug|Any CPU.ActiveCfg = Debug|Any CPU
		{C1C1654B-794A-4600-A704-CDE08EFDB7D8}.Debug|Any CPU.Build.0 = Debug|Any CPU
		{C1C1654B-794A-4600-A704-CDE08EFDB7D8}.Release|Any CPU.ActiveCfg = Release|Any CPU
		{C1C1654B-794A-4600-A704-CDE08EFDB7D8}.Release|Any CPU.Build.0 = Release|Any CPU
	EndGlobalSection
	GlobalSection(SolutionProperties) = preSolution
		HideSolutionNode = FALSE
	EndGlobalSection
	GlobalSection(ExtensibilityGlobals) = postSolution
		SolutionGuid = {0EF702EB-FE53-4961-BDC3-1C364339CBF9}
	EndGlobalSection
EndGlobal
