
Microsoft Visual Studio Solution File, Format Version 12.00
# Visual Studio Version 16
VisualStudioVersion = 16.0.810.21
MinimumVisualStudioVersion = 10.0.40219.1
Project("{FAE04EC0-301F-11D3-BF4B-00C04F79EFBC}") = "Braille.API", "Braille.API.csproj", "{6A2AD8D2-AA8A-428E-B794-7CA6136A5318}"
EndProject
Global
	GlobalSection(SolutionConfigurationPlatforms) = preSolution
		Debug|Any CPU = Debug|Any CPU
		Release|Any CPU = Release|Any CPU
	EndGlobalSection
	GlobalSection(ProjectConfigurationPlatforms) = postSolution
		{6A2AD8D2-AA8A-428E-B794-7CA6136A5318}.Debug|Any CPU.ActiveCfg = Debug|Any CPU
		{6A2AD8D2-AA8A-428E-B794-7CA6136A5318}.Debug|Any CPU.Build.0 = Debug|Any CPU
		{6A2AD8D2-AA8A-428E-B794-7CA6136A5318}.Release|Any CPU.ActiveCfg = Release|Any CPU
		{6A2AD8D2-AA8A-428E-B794-7CA6136A5318}.Release|Any CPU.Build.0 = Release|Any CPU
	EndGlobalSection
	GlobalSection(SolutionProperties) = preSolution
		HideSolutionNode = FALSE
	EndGlobalSection
	GlobalSection(ExtensibilityGlobals) = postSolution
		SolutionGuid = {722CAFEC-95E7-4694-B4D6-75651B9F7749}
	EndGlobalSection
EndGlobal
